<?xml version="1.0" encoding="utf-8"?>
<Project ToolsVersion="4.0" xmlns="http://schemas.microsoft.com/developer/msbuild/2003">
  <ItemGroup>
    <Filter Include="Source Files">
      <UniqueIdentifier>{4FC737F1-C7A5-4376-A066-2A32D752A2FF}</UniqueIdentifier>
      <Extensions>cpp;c;cc;cxx;c++;cppm;ixx;def;odl;idl;hpj;bat;asm;asmx</Extensions>
    </Filter>
    <Filter Include="Header Files">
      <UniqueIdentifier>{93995380-89BD-4b04-88EB-625FBE52EBFB}</UniqueIdentifier>
      <Extensions>h;hh;hpp;hxx;h++;hm;inl;inc;ipp;xsd</Extensions>
    </Filter>
    <Filter Include="Resource Files">
      <UniqueIdentifier>{67DA6AB6-F800-4c08-8B7A-83BB121AAD01}</UniqueIdentifier>
      <Extensions>rc;ico;cur;bmp;dlg;rc2;rct;bin;rgs;gif;jpg;jpeg;jpe;resx;tiff;tif;png;wav;mfcribbon-ms</Extensions>
    </Filter>
  </ItemGroup>
  <ItemGroup>
    <ClCompile Include="ShipDetWithOpenVIVONanoDet.cpp">
      <Filter>Source Files</Filter>
    </ClCompile>
    <ClCompile Include="nanodet_openvino.cpp">
      <Filter>Source Files</Filter>
    </ClCompile>
    <ClCompile Include="jsoncpp.cpp">
      <Filter>Source Files</Filter>
    </ClCompile>
    <ClCompile Include="nanodet_plus.cpp">
      <Filter>Source Files</Filter>
    </ClCompile>
    <ClCompile Include="ShipDetWithNcnnNanoDet.cpp">
      <Filter>Source Files</Filter>
    </ClCompile>
    <ClCompile Include="vlc_reader.cpp">
      <Filter>Source Files</Filter>
    </ClCompile>
    <ClCompile Include="BYTETracker.cpp">
      <Filter>Source Files</Filter>
    </ClCompile>
    <ClCompile Include="KalmanFilter.cpp">
      <Filter>Source Files</Filter>
    </ClCompile>
    <ClCompile Include="lapjv.cpp">
      <Filter>Source Files</Filter>
    </ClCompile>
    <ClCompile Include="Object.cpp">
      <Filter>Source Files</Filter>
    </ClCompile>
    <ClCompile Include="Rect.cpp">
      <Filter>Source Files</Filter>
    </ClCompile>
    <ClCompile Include="STrack.cpp">
      <Filter>Source Files</Filter>
    </ClCompile>
  </ItemGroup>
  <ItemGroup>
    <ClInclude Include="nanodet_openvino.h">
      <Filter>Header Files</Filter>
    </ClInclude>
    <ClInclude Include="json.h">
      <Filter>Header Files</Filter>
    </ClInclude>
    <ClInclude Include="json-forwards.h">
      <Filter>Header Files</Filter>
    </ClInclude>
    <ClInclude Include="nanodet_plus.h">
      <Filter>Header Files</Filter>
    </ClInclude>
    <ClInclude Include="commonDef.h">
      <Filter>Header Files</Filter>
    </ClInclude>
    <ClInclude Include="vlc_reader.h">
      <Filter>Header Files</Filter>
    </ClInclude>
    <ClInclude Include="BYTETracker.h">
      <Filter>Header Files</Filter>
    </ClInclude>
    <ClInclude Include="KalmanFilter.h">
      <Filter>Header Files</Filter>
    </ClInclude>
    <ClInclude Include="lapjv.h">
      <Filter>Header Files</Filter>
    </ClInclude>
    <ClInclude Include="Object.h">
      <Filter>Header Files</Filter>
    </ClInclude>
    <ClInclude Include="Rect.h">
      <Filter>Header Files</Filter>
    </ClInclude>
    <ClInclude Include="STrack.h">
      <Filter>Header Files</Filter>
    </ClInclude>
    <ClInclude Include="Utils.h">
      <Filter>Header Files</Filter>
    </ClInclude>
  </ItemGroup>
  <ItemGroup>
    <None Include="app_config.json">
      <Filter>Source Files</Filter>
    </None>
    <None Include="..\..\..\..\PrivProjects\[2022.03.15] 闸门船舶检测\Delivery\v1.3_20220410_vino\Release\app_config.json">
      <Filter>Header Files</Filter>
    </None>
    <None Include="frameResult.json">
      <Filter>Header Files</Filter>
    </None>
  </ItemGroup>
</Project>